
Microsoft Visual Studio Solution File, Format Version 12.00
# Visual Studio 15
VisualStudioVersion = 15.0.26124.0
MinimumVisualStudioVersion = 15.0.26124.0
Project("{2150E333-8FDC-42A3-9474-1A3956D46DE8}") = "src", "src", "{E30663CA-7134-4AC9-A94B-3BC15F575A9E}"
EndProject
Project("{2150E333-8FDC-42A3-9474-1A3956D46DE8}") = "tests", "tests", "{B42004A0-8D45-4E18-81A4-FDB107AD5112}"
EndProject
Project("{FAE04EC0-301F-11D3-BF4B-00C04F79EFBC}") = "eru.Domain", "src\eru.Domain\eru.Domain.csproj", "{5D51E041-55C7-440A-84F7-2F45FBCDD051}"
EndProject
Project("{FAE04EC0-301F-11D3-BF4B-00C04F79EFBC}") = "eru.Application", "src\eru.Application\eru.Application.csproj", "{D51C0C43-943E-4B3A-BF93-3F01494331A7}"
EndProject
Project("{FAE04EC0-301F-11D3-BF4B-00C04F79EFBC}") = "eru.Infrastructure", "src\eru.Infrastructure\eru.Infrastructure.csproj", "{F9125CB2-0F17-4B5A-8099-6752ACF59514}"
EndProject
Project("{FAE04EC0-301F-11D3-BF4B-00C04F79EFBC}") = "eru.Application.Tests", "tests\eru.Application.Tests\eru.Application.Tests.csproj", "{956A135E-FE98-4126-BFAE-83EE1C598C9D}"
EndProject
Project("{FAE04EC0-301F-11D3-BF4B-00C04F79EFBC}") = "eru.Application.IntegrationTests", "tests\eru.Application.IntegrationTests\eru.Application.IntegrationTests.csproj", "{E25E2A66-2C12-4D30-9477-1C83FD4F57D4}"
EndProject
Project("{FAE04EC0-301F-11D3-BF4B-00C04F79EFBC}") = "eru.WebApp", "src\eru.WebApp\eru.WebApp.csproj", "{F417CF98-7466-4F8D-BFCC-8EE9C21F5FE4}"
EndProject
Project("{FAE04EC0-301F-11D3-BF4B-00C04F79EFBC}") = "eru.Infrastructure.Tests", "tests\eru.Infrastructure.Tests\eru.Infrastructure.Tests.csproj", "{3BE1820A-96E7-446B-BDE9-207AC834EAD9}"
EndProject
Global
	GlobalSection(SolutionConfigurationPlatforms) = preSolution
		Debug|Any CPU = Debug|Any CPU
		Debug|x64 = Debug|x64
		Debug|x86 = Debug|x86
		Release|Any CPU = Release|Any CPU
		Release|x64 = Release|x64
		Release|x86 = Release|x86
	EndGlobalSection
	GlobalSection(SolutionProperties) = preSolution
		HideSolutionNode = FALSE
	EndGlobalSection
	GlobalSection(NestedProjects) = preSolution
		{5D51E041-55C7-440A-84F7-2F45FBCDD051} = {E30663CA-7134-4AC9-A94B-3BC15F575A9E}
		{D51C0C43-943E-4B3A-BF93-3F01494331A7} = {E30663CA-7134-4AC9-A94B-3BC15F575A9E}
		{F9125CB2-0F17-4B5A-8099-6752ACF59514} = {E30663CA-7134-4AC9-A94B-3BC15F575A9E}
		{956A135E-FE98-4126-BFAE-83EE1C598C9D} = {B42004A0-8D45-4E18-81A4-FDB107AD5112}
		{E25E2A66-2C12-4D30-9477-1C83FD4F57D4} = {B42004A0-8D45-4E18-81A4-FDB107AD5112}
		{F417CF98-7466-4F8D-BFCC-8EE9C21F5FE4} = {E30663CA-7134-4AC9-A94B-3BC15F575A9E}
		{3BE1820A-96E7-446B-BDE9-207AC834EAD9} = {B42004A0-8D45-4E18-81A4-FDB107AD5112}
	EndGlobalSection
	GlobalSection(ProjectConfigurationPlatforms) = postSolution
		{5D51E041-55C7-440A-84F7-2F45FBCDD051}.Debug|Any CPU.ActiveCfg = Debug|Any CPU
		{5D51E041-55C7-440A-84F7-2F45FBCDD051}.Debug|Any CPU.Build.0 = Debug|Any CPU
		{5D51E041-55C7-440A-84F7-2F45FBCDD051}.Debug|x64.ActiveCfg = Debug|Any CPU
		{5D51E041-55C7-440A-84F7-2F45FBCDD051}.Debug|x64.Build.0 = Debug|Any CPU
		{5D51E041-55C7-440A-84F7-2F45FBCDD051}.Debug|x86.ActiveCfg = Debug|Any CPU
		{5D51E041-55C7-440A-84F7-2F45FBCDD051}.Debug|x86.Build.0 = Debug|Any CPU
		{5D51E041-55C7-440A-84F7-2F45FBCDD051}.Release|Any CPU.ActiveCfg = Release|Any CPU
		{5D51E041-55C7-440A-84F7-2F45FBCDD051}.Release|Any CPU.Build.0 = Release|Any CPU
		{5D51E041-55C7-440A-84F7-2F45FBCDD051}.Release|x64.ActiveCfg = Release|Any CPU
		{5D51E041-55C7-440A-84F7-2F45FBCDD051}.Release|x64.Build.0 = Release|Any CPU
		{5D51E041-55C7-440A-84F7-2F45FBCDD051}.Release|x86.ActiveCfg = Release|Any CPU
		{5D51E041-55C7-440A-84F7-2F45FBCDD051}.Release|x86.Build.0 = Release|Any CPU
		{D51C0C43-943E-4B3A-BF93-3F01494331A7}.Debug|Any CPU.ActiveCfg = Debug|Any CPU
		{D51C0C43-943E-4B3A-BF93-3F01494331A7}.Debug|Any CPU.Build.0 = Debug|Any CPU
		{D51C0C43-943E-4B3A-BF93-3F01494331A7}.Debug|x64.ActiveCfg = Debug|Any CPU
		{D51C0C43-943E-4B3A-BF93-3F01494331A7}.Debug|x64.Build.0 = Debug|Any CPU
		{D51C0C43-943E-4B3A-BF93-3F01494331A7}.Debug|x86.ActiveCfg = Debug|Any CPU
		{D51C0C43-943E-4B3A-BF93-3F01494331A7}.Debug|x86.Build.0 = Debug|Any CPU
		{D51C0C43-943E-4B3A-BF93-3F01494331A7}.Release|Any CPU.ActiveCfg = Release|Any CPU
		{D51C0C43-943E-4B3A-BF93-3F01494331A7}.Release|Any CPU.Build.0 = Release|Any CPU
		{D51C0C43-943E-4B3A-BF93-3F01494331A7}.Release|x64.ActiveCfg = Release|Any CPU
		{D51C0C43-943E-4B3A-BF93-3F01494331A7}.Release|x64.Build.0 = Release|Any CPU
		{D51C0C43-943E-4B3A-BF93-3F01494331A7}.Release|x86.ActiveCfg = Release|Any CPU
		{D51C0C43-943E-4B3A-BF93-3F01494331A7}.Release|x86.Build.0 = Release|Any CPU
		{F9125CB2-0F17-4B5A-8099-6752ACF59514}.Debug|Any CPU.ActiveCfg = Debug|Any CPU
		{F9125CB2-0F17-4B5A-8099-6752ACF59514}.Debug|Any CPU.Build.0 = Debug|Any CPU
		{F9125CB2-0F17-4B5A-8099-6752ACF59514}.Debug|x64.ActiveCfg = Debug|Any CPU
		{F9125CB2-0F17-4B5A-8099-6752ACF59514}.Debug|x64.Build.0 = Debug|Any CPU
		{F9125CB2-0F17-4B5A-8099-6752ACF59514}.Debug|x86.ActiveCfg = Debug|Any CPU
		{F9125CB2-0F17-4B5A-8099-6752ACF59514}.Debug|x86.Build.0 = Debug|Any CPU
		{F9125CB2-0F17-4B5A-8099-6752ACF59514}.Release|Any CPU.ActiveCfg = Release|Any CPU
		{F9125CB2-0F17-4B5A-8099-6752ACF59514}.Release|Any CPU.Build.0 = Release|Any CPU
		{F9125CB2-0F17-4B5A-8099-6752ACF59514}.Release|x64.ActiveCfg = Release|Any CPU
		{F9125CB2-0F17-4B5A-8099-6752ACF59514}.Release|x64.Build.0 = Release|Any CPU
		{F9125CB2-0F17-4B5A-8099-6752ACF59514}.Release|x86.ActiveCfg = Release|Any CPU
		{F9125CB2-0F17-4B5A-8099-6752ACF59514}.Release|x86.Build.0 = Release|Any CPU
		{956A135E-FE98-4126-BFAE-83EE1C598C9D}.Debug|Any CPU.ActiveCfg = Debug|Any CPU
		{956A135E-FE98-4126-BFAE-83EE1C598C9D}.Debug|Any CPU.Build.0 = Debug|Any CPU
		{956A135E-FE98-4126-BFAE-83EE1C598C9D}.Debug|x64.ActiveCfg = Debug|Any CPU
		{956A135E-FE98-4126-BFAE-83EE1C598C9D}.Debug|x64.Build.0 = Debug|Any CPU
		{956A135E-FE98-4126-BFAE-83EE1C598C9D}.Debug|x86.ActiveCfg = Debug|Any CPU
		{956A135E-FE98-4126-BFAE-83EE1C598C9D}.Debug|x86.Build.0 = Debug|Any CPU
		{956A135E-FE98-4126-BFAE-83EE1C598C9D}.Release|Any CPU.ActiveCfg = Release|Any CPU
		{956A135E-FE98-4126-BFAE-83EE1C598C9D}.Release|Any CPU.Build.0 = Release|Any CPU
		{956A135E-FE98-4126-BFAE-83EE1C598C9D}.Release|x64.ActiveCfg = Release|Any CPU
		{956A135E-FE98-4126-BFAE-83EE1C598C9D}.Release|x64.Build.0 = Release|Any CPU
		{956A135E-FE98-4126-BFAE-83EE1C598C9D}.Release|x86.ActiveCfg = Release|Any CPU
		{956A135E-FE98-4126-BFAE-83EE1C598C9D}.Release|x86.Build.0 = Release|Any CPU
		{E25E2A66-2C12-4D30-9477-1C83FD4F57D4}.Debug|Any CPU.ActiveCfg = Debug|Any CPU
		{E25E2A66-2C12-4D30-9477-1C83FD4F57D4}.Debug|Any CPU.Build.0 = Debug|Any CPU
		{E25E2A66-2C12-4D30-9477-1C83FD4F57D4}.Debug|x64.ActiveCfg = Debug|Any CPU
		{E25E2A66-2C12-4D30-9477-1C83FD4F57D4}.Debug|x64.Build.0 = Debug|Any CPU
		{E25E2A66-2C12-4D30-9477-1C83FD4F57D4}.Debug|x86.ActiveCfg = Debug|Any CPU
		{E25E2A66-2C12-4D30-9477-1C83FD4F57D4}.Debug|x86.Build.0 = Debug|Any CPU
		{E25E2A66-2C12-4D30-9477-1C83FD4F57D4}.Release|Any CPU.ActiveCfg = Release|Any CPU
		{E25E2A66-2C12-4D30-9477-1C83FD4F57D4}.Release|Any CPU.Build.0 = Release|Any CPU
		{E25E2A66-2C12-4D30-9477-1C83FD4F57D4}.Release|x64.ActiveCfg = Release|Any CPU
		{E25E2A66-2C12-4D30-9477-1C83FD4F57D4}.Release|x64.Build.0 = Release|Any CPU
		{E25E2A66-2C12-4D30-9477-1C83FD4F57D4}.Release|x86.ActiveCfg = Release|Any CPU
		{E25E2A66-2C12-4D30-9477-1C83FD4F57D4}.Release|x86.Build.0 = Release|Any CPU
		{F417CF98-7466-4F8D-BFCC-8EE9C21F5FE4}.Debug|Any CPU.ActiveCfg = Debug|Any CPU
		{F417CF98-7466-4F8D-BFCC-8EE9C21F5FE4}.Debug|Any CPU.Build.0 = Debug|Any CPU
		{F417CF98-7466-4F8D-BFCC-8EE9C21F5FE4}.Debug|x64.ActiveCfg = Debug|Any CPU
		{F417CF98-7466-4F8D-BFCC-8EE9C21F5FE4}.Debug|x64.Build.0 = Debug|Any CPU
		{F417CF98-7466-4F8D-BFCC-8EE9C21F5FE4}.Debug|x86.ActiveCfg = Debug|Any CPU
		{F417CF98-7466-4F8D-BFCC-8EE9C21F5FE4}.Debug|x86.Build.0 = Debug|Any CPU
		{F417CF98-7466-4F8D-BFCC-8EE9C21F5FE4}.Release|Any CPU.ActiveCfg = Release|Any CPU
		{F417CF98-7466-4F8D-BFCC-8EE9C21F5FE4}.Release|Any CPU.Build.0 = Release|Any CPU
		{F417CF98-7466-4F8D-BFCC-8EE9C21F5FE4}.Release|x64.ActiveCfg = Release|Any CPU
		{F417CF98-7466-4F8D-BFCC-8EE9C21F5FE4}.Release|x64.Build.0 = Release|Any CPU
		{F417CF98-7466-4F8D-BFCC-8EE9C21F5FE4}.Release|x86.ActiveCfg = Release|Any CPU
		{F417CF98-7466-4F8D-BFCC-8EE9C21F5FE4}.Release|x86.Build.0 = Release|Any CPU
		{3BE1820A-96E7-446B-BDE9-207AC834EAD9}.Debug|Any CPU.ActiveCfg = Debug|Any CPU
		{3BE1820A-96E7-446B-BDE9-207AC834EAD9}.Debug|Any CPU.Build.0 = Debug|Any CPU
		{3BE1820A-96E7-446B-BDE9-207AC834EAD9}.Debug|x64.ActiveCfg = Debug|Any CPU
		{3BE1820A-96E7-446B-BDE9-207AC834EAD9}.Debug|x64.Build.0 = Debug|Any CPU
		{3BE1820A-96E7-446B-BDE9-207AC834EAD9}.Debug|x86.ActiveCfg = Debug|Any CPU
		{3BE1820A-96E7-446B-BDE9-207AC834EAD9}.Debug|x86.Build.0 = Debug|Any CPU
		{3BE1820A-96E7-446B-BDE9-207AC834EAD9}.Release|Any CPU.ActiveCfg = Release|Any CPU
		{3BE1820A-96E7-446B-BDE9-207AC834EAD9}.Release|Any CPU.Build.0 = Release|Any CPU
		{3BE1820A-96E7-446B-BDE9-207AC834EAD9}.Release|x64.ActiveCfg = Release|Any CPU
		{3BE1820A-96E7-446B-BDE9-207AC834EAD9}.Release|x64.Build.0 = Release|Any CPU
		{3BE1820A-96E7-446B-BDE9-207AC834EAD9}.Release|x86.ActiveCfg = Release|Any CPU
		{3BE1820A-96E7-446B-BDE9-207AC834EAD9}.Release|x86.Build.0 = Release|Any CPU
	EndGlobalSection
EndGlobal
